{
  "name": "frontend_quiz",
  "lockfileVersion": 2,
  "requires": true,
  "packages": {
    "": {
      "dependencies": {
        "@ttou/uview-typings": "^2.0.5",
        "dayjs": "^1.11.9"
      }
    },
    "node_modules/@ttou/uview-typings": {
      "version": "2.0.5",
      "resolved": "https://registry.npmmirror.com/@ttou/uview-typings/-/uview-typings-2.0.5.tgz",
      "integrity": "sha512-yyxEWWFcgKcEWkWB/riCXInjQs8gMKRBtaWarFyOZfvCmnEYSjqdtUppINpvRNbdJsV2kxNDeH8PsJ8FBovHBg=="
    },
    "node_modules/dayjs": {
      "version": "1.11.9",
      "resolved": "https://registry.npmmirror.com/dayjs/-/dayjs-1.11.9.tgz",
      "integrity": "sha512-QvzAURSbQ0pKdIye2txOzNaHmxtUBXerpY0FJsFXUMKbIZeFm5ht1LS/jFsrncjnmtv8HsG0W2g6c0zUjZWmpA=="
    }
  },
  "dependencies": {
    "@ttou/uview-typings": {
      "version": "2.0.5",
      "resolved": "https://registry.npmmirror.com/@ttou/uview-typings/-/uview-typings-2.0.5.tgz",
      "integrity": "sha512-yyxEWWFcgKcEWkWB/riCXInjQs8gMKRBtaWarFyOZfvCmnEYSjqdtUppINpvRNbdJsV2kxNDeH8PsJ8FBovHBg=="
    },
    "dayjs": {
      "version": "1.11.9",
      "resolved": "https://registry.npmmirror.com/dayjs/-/dayjs-1.11.9.tgz",
      "integrity": "sha512-QvzAURSbQ0pKdIye2txOzNaHmxtUBXerpY0FJsFXUMKbIZeFm5ht1LS/jFsrncjnmtv8HsG0W2g6c0zUjZWmpA=="
    }
  }
}
